
Microsoft Visual Studio Solution File, Format Version 12.00
# Visual Studio Version 17
VisualStudioVersion = 17.4.33213.308
MinimumVisualStudioVersion = 10.0.40219.1
Project("{FAE04EC0-301F-11D3-BF4B-00C04F79EFBC}") = "docxpdfconverterservice", "docxpdfconverterservice\docxpdfconverterservice.csproj", "{D8CF1C6D-AA33-4AD5-BA25-7D4428505A09}"
EndProject
Global
	GlobalSection(SolutionConfigurationPlatforms) = preSolution
		Debug|Any CPU = Debug|Any CPU
		Release|Any CPU = Release|Any CPU
	EndGlobalSection
	GlobalSection(ProjectConfigurationPlatforms) = postSolution
		{D8CF1C6D-AA33-4AD5-BA25-7D4428505A09}.Debug|Any CPU.ActiveCfg = Debug|Any CPU
		{D8CF1C6D-AA33-4AD5-BA25-7D4428505A09}.Debug|Any CPU.Build.0 = Debug|Any CPU
		{D8CF1C6D-AA33-4AD5-BA25-7D4428505A09}.Release|Any CPU.ActiveCfg = Release|Any CPU
		{D8CF1C6D-AA33-4AD5-BA25-7D4428505A09}.Release|Any CPU.Build.0 = Release|Any CPU
	EndGlobalSection
	GlobalSection(SolutionProperties) = preSolution
		HideSolutionNode = FALSE
	EndGlobalSection
	GlobalSection(ExtensibilityGlobals) = postSolution
		SolutionGuid = {674A933E-8F90-4A3C-A0B3-8657F866C685}
	EndGlobalSection
EndGlobal
